Microsoft Visual Studio Solution File, Format Version 12.00
# Visual Studio Version 17
VisualStudioVersion = 17.5.2.0
MinimumVisualStudioVersion = 10.0.40219.1
Project("{FAE04EC0-301F-11D3-BF4B-00C04F79EFBC}") = "SmartPostOffice", "SmartPostOffice.csproj", "{BAB5D899-EF48-AA9C-491C-1A3233E05BF3}"
EndProject
Global
	GlobalSection(SolutionConfigurationPlatforms) = preSolution
		Debug|Any CPU = Debug|Any CPU
		Release|Any CPU = Release|Any CPU
	EndGlobalSection
	GlobalSection(ProjectConfigurationPlatforms) = postSolution
		{BAB5D899-EF48-AA9C-491C-1A3233E05BF3}.Debug|Any CPU.ActiveCfg = Debug|Any CPU
		{BAB5D899-EF48-AA9C-491C-1A3233E05BF3}.Debug|Any CPU.Build.0 = Debug|Any CPU
		{BAB5D899-EF48-AA9C-491C-1A3233E05BF3}.Release|Any CPU.ActiveCfg = Release|Any CPU
		{BAB5D899-EF48-AA9C-491C-1A3233E05BF3}.Release|Any CPU.Build.0 = Release|Any CPU
	EndGlobalSection
	GlobalSection(SolutionProperties) = preSolution
		HideSolutionNode = FALSE
	EndGlobalSection
	GlobalSection(ExtensibilityGlobals) = postSolution
		SolutionGuid = {3F1A3850-5B23-4CFC-82F2-2A31525A8B1A}
	EndGlobalSection
EndGlobal
